{
  "requires": true,
  "lockfileVersion": 1,
  "dependencies": {
    "indian-cities-json": {
      "version": "2.0.0",
      "resolved": "https://registry.npmjs.org/indian-cities-json/-/indian-cities-json-2.0.0.tgz",
      "integrity": "sha512-8+1VFSJ5n4+rN8TUD53J7vvDtpq+xTvT01hm/m1q7sHgbIUHg5AKvhq9CGkS3TNy16saVaGqGnEb7Sj23M9vbg=="
    }
  }
}
